{
    "_readme": [
        "This file locks the dependencies of your project to a known state",
        "Read more about it at https://getcomposer.org/doc/01-basic-usage.md#composer-lock-the-lock-file",
        "This file is @generated automatically"
    ],
    "content-hash": "620f5b857e47b0959cd833dae76ef1d1",
    "packages": [
        {
            "name": "srag/activerecordconfig",
            "version": "v0.13.3",
            "source": {
                "type": "git",
                "url": "https://github.com/studer-raimann/ActiveRecordConfig.git",
                "reference": "903a1838db18c502e60e1fb5edd5f3ada8e4ae50"
            },
            "dist": {
                "type": "zip",
                "url": "https://api.github.com/repos/studer-raimann/ActiveRecordConfig/zipball/903a1838db18c502e60e1fb5edd5f3ada8e4ae50",
                "reference": "903a1838db18c502e60e1fb5edd5f3ada8e4ae50",
                "shasum": ""
            },
            "require": {
                "php": ">=5.6",
                "srag/custominputguis": ">=0.1.0",
                "srag/dic": ">=0.1.0"
            },
            "type": "library",
            "autoload": {
                "psr-4": {
                    "srag\\ActiveRecordConfig\\SrPluginInfosFetcher\\": "src/"
                }
            },
            "notification-url": "https://packagist.org/downloads/",
            "license": [
                "GPL-3.0-only"
            ],
            "authors": [
                {
                    "name": "studer + raimann ag - Team Custom 1",
                    "email": "support-custom1@studer-raimann.ch",
                    "homepage": "https://studer-raimann.ch",
                    "role": "Developer"
                }
            ],
            "description": "Simple ActiveRecord config for ILIAS plugins",
            "homepage": "https://github.com/studer-raimann/ActiveRecordConfig",
            "keywords": [
                "ILIAS",
                "activerecord",
                "config"
            ],
            "time": "2018-12-06T08:03:38+00:00"
        },
        {
            "name": "srag/custominputguis",
            "version": "v0.14.0",
            "source": {
                "type": "git",
                "url": "https://github.com/studer-raimann/CustomInputGUIs.git",
                "reference": "3056f3ba2ac4885093bb1ccf5eea10d8abb339c9"
            },
            "dist": {
                "type": "zip",
                "url": "https://api.github.com/repos/studer-raimann/CustomInputGUIs/zipball/3056f3ba2ac4885093bb1ccf5eea10d8abb339c9",
                "reference": "3056f3ba2ac4885093bb1ccf5eea10d8abb339c9",
                "shasum": ""
            },
            "require": {
                "php": ">=5.6",
                "srag/dic": ">=0.1.0"
            },
            "type": "library",
            "autoload": {
                "psr-4": {
                    "srag\\CustomInputGUIs\\SrPluginInfosFetcher\\": "src/"
                }
            },
            "notification-url": "https://packagist.org/downloads/",
            "license": [
                "GPL-3.0-only"
            ],
            "authors": [
                {
                    "name": "studer + raimann ag - Team Custom 1",
                    "email": "support-custom1@studer-raimann.ch",
                    "homepage": "https://studer-raimann.ch",
                    "role": "Developer"
                }
            ],
            "description": "Custom Input-GUI's",
            "homepage": "https://github.com/studer-raimann/CustomInputGUIs",
            "keywords": [
                "ILIAS",
                "PropertyForm",
                "gui",
                "input",
                "table"
            ],
            "time": "2018-12-06T08:52:35+00:00"
        },
        {
            "name": "srag/dic",
            "version": "v0.14.8",
            "source": {
                "type": "git",
                "url": "https://github.com/studer-raimann/DIC.git",
                "reference": "e819d62d28dba8db26f8bf499227d2428a774e14"
            },
            "dist": {
                "type": "zip",
                "url": "https://api.github.com/repos/studer-raimann/DIC/zipball/e819d62d28dba8db26f8bf499227d2428a774e14",
                "reference": "e819d62d28dba8db26f8bf499227d2428a774e14",
                "shasum": ""
            },
            "require": {
                "php": ">=5.6"
            },
            "type": "library",
            "autoload": {
                "psr-4": {
                    "srag\\DIC\\SrPluginInfosFetcher\\": "src/"
                }
            },
            "notification-url": "https://packagist.org/downloads/",
            "license": [
                "GPL-3.0-only"
            ],
            "authors": [
                {
                    "name": "studer + raimann ag - Team Custom 1",
                    "email": "support-custom1@studer-raimann.ch",
                    "homepage": "https://studer-raimann.ch",
                    "role": "Developer"
                }
            ],
            "description": "Use all ILIAS globals in your class",
            "homepage": "https://github.com/studer-raimann/DIC",
            "keywords": [
                "ILIAS",
                "dic",
                "globals",
                "trait"
            ],
            "time": "2018-12-07T13:57:24+00:00"
        },
        {
            "name": "srag/librariesnamespacechanger",
            "version": "v0.3.7",
            "source": {
                "type": "git",
                "url": "https://github.com/studer-raimann/LibrariesNamespaceChanger.git",
                "reference": "ca033d1d77b1c48ac24b5bc18b56eb1f2dc61301"
            },
            "dist": {
                "type": "zip",
                "url": "https://api.github.com/repos/studer-raimann/LibrariesNamespaceChanger/zipball/ca033d1d77b1c48ac24b5bc18b56eb1f2dc61301",
                "reference": "ca033d1d77b1c48ac24b5bc18b56eb1f2dc61301",
                "shasum": ""
            },
            "require": {
                "php": ">=5.6"
            },
            "type": "library",
            "autoload": {
                "psr-4": {
                    "srag\\LibrariesNamespaceChanger\\": "src/"
                }
            },
            "notification-url": "https://packagist.org/downloads/",
            "license": [
                "GPL-3.0-only"
            ],
            "authors": [
                {
                    "name": "studer + raimann ag - Team Custom 1",
                    "email": "support-custom1@studer-raimann.ch",
                    "homepage": "https://studer-raimann.ch",
                    "role": "Developer"
                }
            ],
            "description": "Change namespace of libraries to plugin namespace",
            "homepage": "https://github.com/studer-raimann/LibrariesNamespaceChanger",
            "keywords": [
                "ILIAS",
                "libraries"
            ],
            "time": "2018-12-06T08:18:29+00:00"
        },
        {
            "name": "srag/removeplugindataconfirm",
            "version": "v0.3.5",
            "source": {
                "type": "git",
                "url": "https://github.com/studer-raimann/RemovePluginDataConfirm.git",
                "reference": "3b4e5133cb1d3f6aa0cdd9e45f27bd56c74cb457"
            },
            "dist": {
                "type": "zip",
                "url": "https://api.github.com/repos/studer-raimann/RemovePluginDataConfirm/zipball/3b4e5133cb1d3f6aa0cdd9e45f27bd56c74cb457",
                "reference": "3b4e5133cb1d3f6aa0cdd9e45f27bd56c74cb457",
                "shasum": ""
            },
            "require": {
                "php": ">=5.6",
                "srag/dic": ">=0.1.0"
            },
            "type": "library",
            "autoload": {
                "psr-4": {
                    "srag\\RemovePluginDataConfirm\\SrPluginInfosFetcher\\": "src/"
                }
            },
            "notification-url": "https://packagist.org/downloads/",
            "license": [
                "GPL-3.0-only"
            ],
            "authors": [
                {
                    "name": "studer + raimann ag - Team Custom 1",
                    "email": "support-custom1@studer-raimann.ch",
                    "homepage": "https://studer-raimann.ch",
                    "role": "Developer"
                }
            ],
            "description": "Demand if plugin data should be removed on uninstall",
            "homepage": "https://github.com/studer-raimann/RemovePluginDataConfirm",
            "keywords": [
                "ILIAS",
                "confirm",
                "data",
                "plugin",
                "uninstall"
            ],
            "time": "2018-12-06T15:01:06+00:00"
        }
    ],
    "packages-dev": [],
    "aliases": [],
    "minimum-stability": "stable",
    "stability-flags": [],
    "prefer-stable": false,
    "prefer-lowest": false,
    "platform": {
        "php": ">=7.0"
    },
    "platform-dev": []
}
